
Microsoft Visual Studio Solution File, Format Version 12.00
# Visual Studio Version 17
VisualStudioVersion = 17.13.35818.85 d17.13
MinimumVisualStudioVersion = 10.0.40219.1
Project("{FAE04EC0-301F-11D3-BF4B-00C04F79EFBC}") = "ConsoleApp2", "ConsoleApp2.csproj", "{A61FCDB3-1E04-4B45-95A3-45F9B49ECF3F}"
EndProject
Global
	GlobalSection(SolutionConfigurationPlatforms) = preSolution
		Debug|Any CPU = Debug|Any CPU
		Release|Any CPU = Release|Any CPU
	EndGlobalSection
	GlobalSection(ProjectConfigurationPlatforms) = postSolution
		{A61FCDB3-1E04-4B45-95A3-45F9B49ECF3F}.Debug|Any CPU.ActiveCfg = Debug|Any CPU
		{A61FCDB3-1E04-4B45-95A3-45F9B49ECF3F}.Debug|Any CPU.Build.0 = Debug|Any CPU
		{A61FCDB3-1E04-4B45-95A3-45F9B49ECF3F}.Release|Any CPU.ActiveCfg = Release|Any CPU
		{A61FCDB3-1E04-4B45-95A3-45F9B49ECF3F}.Release|Any CPU.Build.0 = Release|Any CPU
	EndGlobalSection
	GlobalSection(SolutionProperties) = preSolution
		HideSolutionNode = FALSE
	EndGlobalSection
	GlobalSection(ExtensibilityGlobals) = postSolution
		SolutionGuid = {B4A22164-8A62-4CD4-B919-0ABB4FF1DFCD}
	EndGlobalSection
EndGlobal
